
Microsoft Visual Studio Solution File, Format Version 12.00
# Visual Studio Version 18
VisualStudioVersion = 18.9.12120.119
MinimumVisualStudioVersion = 10.0.40219.1
Project("{FAE04EC0-301F-11D3-BF4B-00C04F79EFBC}") = "SingleResponsibility", "SingleResponsability\SingleResponsibility.csproj", "{99D26254-2C27-42CE-974A-CBE24A94CBD1}"
EndProject
Project("{FAE04EC0-301F-11D3-BF4B-00C04F79EFBC}") = "OpenClose", "OpenClosePrinciple\OpenClose.csproj", "{1D338A43-B559-4B4C-9E80-4957E3C4FC91}"
EndProject
Project("{FAE04EC0-301F-11D3-BF4B-00C04F79EFBC}") = "LiskovSubstitution", "LiskovSubstitution\LiskovSubstitution.csproj", "{52AC2F2F-0958-4AA5-9A8A-EE50F17310CA}"
EndProject
Project("{FAE04EC0-301F-11D3-BF4B-00C04F79EFBC}") = "InterfaceSegregation", "InterfaceSegregation\InterfaceSegregation.csproj", "{C0B36B08-C67C-4B7F-9648-8B5A0A79BAEE}"
EndProject
Project("{FAE04EC0-301F-11D3-BF4B-00C04F79EFBC}") = "DependencyInversion", "DependencyInversion\DependencyInversion.csproj", "{C93F4C02-901F-4576-8696-ABD9972D04F4}"
EndProject
Project("{2150E333-8FDC-42A3-9474-1A3956D46DE8}") = "Solution Items", "Solution Items", "{45B8A8D8-0C81-4930-A5F8-E20E5AA45E7C}"
	ProjectSection(SolutionItems) = preProject
		README.md = README.md
	EndProjectSection
EndProject
Project("{FAE04EC0-301F-11D3-BF4B-00C04F79EFBC}") = "StrategyPattern", "StrategyPattern\StrategyPattern.csproj", "{B17499B4-42A1-4CB6-8D56-DC3E103B9B8B}"
EndProject
Project("{FAE04EC0-301F-11D3-BF4B-00C04F79EFBC}") = "FactoryPattern", "FactoryPattern\FactoryPattern.csproj", "{53B3B925-4E6D-4CC2-9A1B-02F90055F3DF}"
EndProject
Project("{FAE04EC0-301F-11D3-BF4B-00C04F79EFBC}") = "AdapterPattern", "AdapterPattern\AdapterPattern.csproj", "{F2834837-811F-4B56-923A-55DE269E62C7}"
EndProject
Project("{FAE04EC0-301F-11D3-BF4B-00C04F79EFBC}") = "DecoratorPattern", "DecoratorPattern\DecoratorPattern.csproj", "{A5BCAB4F-33EB-45E4-B56B-689666A3B7B4}"
EndProject
Project("{FAE04EC0-301F-11D3-BF4B-00C04F79EFBC}") = "CommandPattern", "CommandPattern\CommandPattern.csproj", "{4B1BAA40-B0CC-4D9E-8A38-CA1B67776E7A}"
EndProject
Project("{FAE04EC0-301F-11D3-BF4B-00C04F79EFBC}") = "ResultPattern", "ResultPattern\ResultPattern.csproj", "{E59874F4-B254-4DDC-A46C-B33F447E7FA7}"
EndProject
Project("{FAE04EC0-301F-11D3-BF4B-00C04F79EFBC}") = "CqrsPattern", "CqrsPattern\CqrsPattern.csproj", "{C622F211-AFEE-4186-A713-4037331225F3}"
EndProject
Project("{FAE04EC0-301F-11D3-BF4B-00C04F79EFBC}") = "StudyPresentation", "StudyPresentation\StudyPresentation.csproj", "{B3CC4F7D-CD54-4524-9553-E38F08DACED3}"
EndProject
Global
	GlobalSection(SolutionConfigurationPlatforms) = preSolution
		Debug|Any CPU = Debug|Any CPU
		Debug|x64 = Debug|x64
		Debug|x86 = Debug|x86
		Release|Any CPU = Release|Any CPU
		Release|x64 = Release|x64
		Release|x86 = Release|x86
	EndGlobalSection
	GlobalSection(ProjectConfigurationPlatforms) = postSolution
		{99D26254-2C27-42CE-974A-CBE24A94CBD1}.Debug|Any CPU.ActiveCfg = Debug|Any CPU
		{99D26254-2C27-42CE-974A-CBE24A94CBD1}.Debug|Any CPU.Build.0 = Debug|Any CPU
		{99D26254-2C27-42CE-974A-CBE24A94CBD1}.Debug|x64.ActiveCfg = Debug|Any CPU
		{99D26254-2C27-42CE-974A-CBE24A94CBD1}.Debug|x64.Build.0 = Debug|Any CPU
		{99D26254-2C27-42CE-974A-CBE24A94CBD1}.Debug|x86.ActiveCfg = Debug|Any CPU
		{99D26254-2C27-42CE-974A-CBE24A94CBD1}.Debug|x86.Build.0 = Debug|Any CPU
		{99D26254-2C27-42CE-974A-CBE24A94CBD1}.Release|Any CPU.ActiveCfg = Release|Any CPU
		{99D26254-2C27-42CE-974A-CBE24A94CBD1}.Release|Any CPU.Build.0 = Release|Any CPU
		{99D26254-2C27-42CE-974A-CBE24A94CBD1}.Release|x64.ActiveCfg = Release|Any CPU
		{99D26254-2C27-42CE-974A-CBE24A94CBD1}.Release|x64.Build.0 = Release|Any CPU
		{99D26254-2C27-42CE-974A-CBE24A94CBD1}.Release|x86.ActiveCfg = Release|Any CPU
		{99D26254-2C27-42CE-974A-CBE24A94CBD1}.Release|x86.Build.0 = Release|Any CPU
		{1D338A43-B559-4B4C-9E80-4957E3C4FC91}.Debug|Any CPU.ActiveCfg = Debug|Any CPU
		{1D338A43-B559-4B4C-9E80-4957E3C4FC91}.Debug|Any CPU.Build.0 = Debug|Any CPU
		{1D338A43-B559-4B4C-9E80-4957E3C4FC91}.Debug|x64.ActiveCfg = Debug|Any CPU
		{1D338A43-B559-4B4C-9E80-4957E3C4FC91}.Debug|x64.Build.0 = Debug|Any CPU
		{1D338A43-B559-4B4C-9E80-4957E3C4FC91}.Debug|x86.ActiveCfg = Debug|Any CPU
		{1D338A43-B559-4B4C-9E80-4957E3C4FC91}.Debug|x86.Build.0 = Debug|Any CPU
		{1D338A43-B559-4B4C-9E80-4957E3C4FC91}.Release|Any CPU.ActiveCfg = Release|Any CPU
		{1D338A43-B559-4B4C-9E80-4957E3C4FC91}.Release|Any CPU.Build.0 = Release|Any CPU
		{1D338A43-B559-4B4C-9E80-4957E3C4FC91}.Release|x64.ActiveCfg = Release|Any CPU
		{1D338A43-B559-4B4C-9E80-4957E3C4FC91}.Release|x64.Build.0 = Release|Any CPU
		{1D338A43-B559-4B4C-9E80-4957E3C4FC91}.Release|x86.ActiveCfg = Release|Any CPU
		{1D338A43-B559-4B4C-9E80-4957E3C4FC91}.Release|x86.Build.0 = Release|Any CPU
		{52AC2F2F-0958-4AA5-9A8A-EE50F17310CA}.Debug|Any CPU.ActiveCfg = Debug|Any CPU
		{52AC2F2F-0958-4AA5-9A8A-EE50F17310CA}.Debug|Any CPU.Build.0 = Debug|Any CPU
		{52AC2F2F-0958-4AA5-9A8A-EE50F17310CA}.Debug|x64.ActiveCfg = Debug|Any CPU
		{52AC2F2F-0958-4AA5-9A8A-EE50F17310CA}.Debug|x64.Build.0 = Debug|Any CPU
		{52AC2F2F-0958-4AA5-9A8A-EE50F17310CA}.Debug|x86.ActiveCfg = Debug|Any CPU
		{52AC2F2F-0958-4AA5-9A8A-EE50F17310CA}.Debug|x86.Build.0 = Debug|Any CPU
		{52AC2F2F-0958-4AA5-9A8A-EE50F17310CA}.Release|Any CPU.ActiveCfg = Release|Any CPU
		{52AC2F2F-0958-4AA5-9A8A-EE50F17310CA}.Release|Any CPU.Build.0 = Release|Any CPU
		{52AC2F2F-0958-4AA5-9A8A-EE50F17310CA}.Release|x64.ActiveCfg = Release|Any CPU
		{52AC2F2F-0958-4AA5-9A8A-EE50F17310CA}.Release|x64.Build.0 = Release|Any CPU
		{52AC2F2F-0958-4AA5-9A8A-EE50F17310CA}.Release|x86.ActiveCfg = Release|Any CPU
		{52AC2F2F-0958-4AA5-9A8A-EE50F17310CA}.Release|x86.Build.0 = Release|Any CPU
		{C0B36B08-C67C-4B7F-9648-8B5A0A79BAEE}.Debug|Any CPU.ActiveCfg = Debug|Any CPU
		{C0B36B08-C67C-4B7F-9648-8B5A0A79BAEE}.Debug|Any CPU.Build.0 = Debug|Any CPU
		{C0B36B08-C67C-4B7F-9648-8B5A0A79BAEE}.Debug|x64.ActiveCfg = Debug|Any CPU
		{C0B36B08-C67C-4B7F-9648-8B5A0A79BAEE}.Debug|x64.Build.0 = Debug|Any CPU
		{C0B36B08-C67C-4B7F-9648-8B5A0A79BAEE}.Debug|x86.ActiveCfg = Debug|Any CPU
		{C0B36B08-C67C-4B7F-9648-8B5A0A79BAEE}.Debug|x86.Build.0 = Debug|Any CPU
		{C0B36B08-C67C-4B7F-9648-8B5A0A79BAEE}.Release|Any CPU.ActiveCfg = Release|Any CPU
		{C0B36B08-C67C-4B7F-9648-8B5A0A79BAEE}.Release|Any CPU.Build.0 = Release|Any CPU
		{C0B36B08-C67C-4B7F-9648-8B5A0A79BAEE}.Release|x64.ActiveCfg = Release|Any CPU
		{C0B36B08-C67C-4B7F-9648-8B5A0A79BAEE}.Release|x64.Build.0 = Release|Any CPU
		{C0B36B08-C67C-4B7F-9648-8B5A0A79BAEE}.Release|x86.ActiveCfg = Release|Any CPU
		{C0B36B08-C67C-4B7F-9648-8B5A0A79BAEE}.Release|x86.Build.0 = Release|Any CPU
		{C93F4C02-901F-4576-8696-ABD9972D04F4}.Debug|Any CPU.ActiveCfg = Debug|Any CPU
		{C93F4C02-901F-4576-8696-ABD9972D04F4}.Debug|Any CPU.Build.0 = Debug|Any CPU
		{C93F4C02-901F-4576-8696-ABD9972D04F4}.Debug|x64.ActiveCfg = Debug|Any CPU
		{C93F4C02-901F-4576-8696-ABD9972D04F4}.Debug|x64.Build.0 = Debug|Any CPU
		{C93F4C02-901F-4576-8696-ABD9972D04F4}.Debug|x86.ActiveCfg = Debug|Any CPU
		{C93F4C02-901F-4576-8696-ABD9972D04F4}.Debug|x86.Build.0 = Debug|Any CPU
		{C93F4C02-901F-4576-8696-ABD9972D04F4}.Release|Any CPU.ActiveCfg = Release|Any CPU
		{C93F4C02-901F-4576-8696-ABD9972D04F4}.Release|Any CPU.Build.0 = Release|Any CPU
		{C93F4C02-901F-4576-8696-ABD9972D04F4}.Release|x64.ActiveCfg = Release|Any CPU
		{C93F4C02-901F-4576-8696-ABD9972D04F4}.Release|x64.Build.0 = Release|Any CPU
		{C93F4C02-901F-4576-8696-ABD9972D04F4}.Release|x86.ActiveCfg = Release|Any CPU
		{C93F4C02-901F-4576-8696-ABD9972D04F4}.Release|x86.Build.0 = Release|Any CPU
		{B17499B4-42A1-4CB6-8D56-DC3E103B9B8B}.Debug|Any CPU.ActiveCfg = Debug|Any CPU
		{B17499B4-42A1-4CB6-8D56-DC3E103B9B8B}.Debug|Any CPU.Build.0 = Debug|Any CPU
		{B17499B4-42A1-4CB6-8D56-DC3E103B9B8B}.Debug|x64.ActiveCfg = Debug|Any CPU
		{B17499B4-42A1-4CB6-8D56-DC3E103B9B8B}.Debug|x64.Build.0 = Debug|Any CPU
		{B17499B4-42A1-4CB6-8D56-DC3E103B9B8B}.Debug|x86.ActiveCfg = Debug|Any CPU
		{B17499B4-42A1-4CB6-8D56-DC3E103B9B8B}.Debug|x86.Build.0 = Debug|Any CPU
		{B17499B4-42A1-4CB6-8D56-DC3E103B9B8B}.Release|Any CPU.ActiveCfg = Release|Any CPU
		{B17499B4-42A1-4CB6-8D56-DC3E103B9B8B}.Release|Any CPU.Build.0 = Release|Any CPU
		{B17499B4-42A1-4CB6-8D56-DC3E103B9B8B}.Release|x64.ActiveCfg = Release|Any CPU
		{B17499B4-42A1-4CB6-8D56-DC3E103B9B8B}.Release|x64.Build.0 = Release|Any CPU
		{B17499B4-42A1-4CB6-8D56-DC3E103B9B8B}.Release|x86.ActiveCfg = Release|Any CPU
		{B17499B4-42A1-4CB6-8D56-DC3E103B9B8B}.Release|x86.Build.0 = Release|Any CPU
		{53B3B925-4E6D-4CC2-9A1B-02F90055F3DF}.Debug|Any CPU.ActiveCfg = Debug|Any CPU
		{53B3B925-4E6D-4CC2-9A1B-02F90055F3DF}.Debug|Any CPU.Build.0 = Debug|Any CPU
		{53B3B925-4E6D-4CC2-9A1B-02F90055F3DF}.Debug|x64.ActiveCfg = Debug|Any CPU
		{53B3B925-4E6D-4CC2-9A1B-02F90055F3DF}.Debug|x64.Build.0 = Debug|Any CPU
		{53B3B925-4E6D-4CC2-9A1B-02F90055F3DF}.Debug|x86.ActiveCfg = Debug|Any CPU
		{53B3B925-4E6D-4CC2-9A1B-02F90055F3DF}.Debug|x86.Build.0 = Debug|Any CPU
		{53B3B925-4E6D-4CC2-9A1B-02F90055F3DF}.Release|Any CPU.ActiveCfg = Release|Any CPU
		{53B3B925-4E6D-4CC2-9A1B-02F90055F3DF}.Release|Any CPU.Build.0 = Release|Any CPU
		{53B3B925-4E6D-4CC2-9A1B-02F90055F3DF}.Release|x64.ActiveCfg = Release|Any CPU
		{53B3B925-4E6D-4CC2-9A1B-02F90055F3DF}.Release|x64.Build.0 = Release|Any CPU
		{53B3B925-4E6D-4CC2-9A1B-02F90055F3DF}.Release|x86.ActiveCfg = Release|Any CPU
		{53B3B925-4E6D-4CC2-9A1B-02F90055F3DF}.Release|x86.Build.0 = Release|Any CPU
		{F2834837-811F-4B56-923A-55DE269E62C7}.Debug|Any CPU.ActiveCfg = Debug|Any CPU
		{F2834837-811F-4B56-923A-55DE269E62C7}.Debug|Any CPU.Build.0 = Debug|Any CPU
		{F2834837-811F-4B56-923A-55DE269E62C7}.Debug|x64.ActiveCfg = Debug|Any CPU
		{F2834837-811F-4B56-923A-55DE269E62C7}.Debug|x64.Build.0 = Debug|Any CPU
		{F2834837-811F-4B56-923A-55DE269E62C7}.Debug|x86.ActiveCfg = Debug|Any CPU
		{F2834837-811F-4B56-923A-55DE269E62C7}.Debug|x86.Build.0 = Debug|Any CPU
		{F2834837-811F-4B56-923A-55DE269E62C7}.Release|Any CPU.ActiveCfg = Release|Any CPU
		{F2834837-811F-4B56-923A-55DE269E62C7}.Release|Any CPU.Build.0 = Release|Any CPU
		{F2834837-811F-4B56-923A-55DE269E62C7}.Release|x64.ActiveCfg = Release|Any CPU
		{F2834837-811F-4B56-923A-55DE269E62C7}.Release|x64.Build.0 = Release|Any CPU
		{F2834837-811F-4B56-923A-55DE269E62C7}.Release|x86.ActiveCfg = Release|Any CPU
		{F2834837-811F-4B56-923A-55DE269E62C7}.Release|x86.Build.0 = Release|Any CPU
		{A5BCAB4F-33EB-45E4-B56B-689666A3B7B4}.Debug|Any CPU.ActiveCfg = Debug|Any CPU
		{A5BCAB4F-33EB-45E4-B56B-689666A3B7B4}.Debug|Any CPU.Build.0 = Debug|Any CPU
		{A5BCAB4F-33EB-45E4-B56B-689666A3B7B4}.Debug|x64.ActiveCfg = Debug|Any CPU
		{A5BCAB4F-33EB-45E4-B56B-689666A3B7B4}.Debug|x64.Build.0 = Debug|Any CPU
		{A5BCAB4F-33EB-45E4-B56B-689666A3B7B4}.Debug|x86.ActiveCfg = Debug|Any CPU
		{A5BCAB4F-33EB-45E4-B56B-689666A3B7B4}.Debug|x86.Build.0 = Debug|Any CPU
		{A5BCAB4F-33EB-45E4-B56B-689666A3B7B4}.Release|Any CPU.ActiveCfg = Release|Any CPU
		{A5BCAB4F-33EB-45E4-B56B-689666A3B7B4}.Release|Any CPU.Build.0 = Release|Any CPU
		{A5BCAB4F-33EB-45E4-B56B-689666A3B7B4}.Release|x64.ActiveCfg = Release|Any CPU
		{A5BCAB4F-33EB-45E4-B56B-689666A3B7B4}.Release|x64.Build.0 = Release|Any CPU
		{A5BCAB4F-33EB-45E4-B56B-689666A3B7B4}.Release|x86.ActiveCfg = Release|Any CPU
		{A5BCAB4F-33EB-45E4-B56B-689666A3B7B4}.Release|x86.Build.0 = Release|Any CPU
		{4B1BAA40-B0CC-4D9E-8A38-CA1B67776E7A}.Debug|Any CPU.ActiveCfg = Debug|Any CPU
		{4B1BAA40-B0CC-4D9E-8A38-CA1B67776E7A}.Debug|Any CPU.Build.0 = Debug|Any CPU
		{4B1BAA40-B0CC-4D9E-8A38-CA1B67776E7A}.Debug|x64.ActiveCfg = Debug|Any CPU
		{4B1BAA40-B0CC-4D9E-8A38-CA1B67776E7A}.Debug|x64.Build.0 = Debug|Any CPU
		{4B1BAA40-B0CC-4D9E-8A38-CA1B67776E7A}.Debug|x86.ActiveCfg = Debug|Any CPU
		{4B1BAA40-B0CC-4D9E-8A38-CA1B67776E7A}.Debug|x86.Build.0 = Debug|Any CPU
		{4B1BAA40-B0CC-4D9E-8A38-CA1B67776E7A}.Release|Any CPU.ActiveCfg = Release|Any CPU
		{4B1BAA40-B0CC-4D9E-8A38-CA1B67776E7A}.Release|Any CPU.Build.0 = Release|Any CPU
		{4B1BAA40-B0CC-4D9E-8A38-CA1B67776E7A}.Release|x64.ActiveCfg = Release|Any CPU
		{4B1BAA40-B0CC-4D9E-8A38-CA1B67776E7A}.Release|x64.Build.0 = Release|Any CPU
		{4B1BAA40-B0CC-4D9E-8A38-CA1B67776E7A}.Release|x86.ActiveCfg = Release|Any CPU
		{4B1BAA40-B0CC-4D9E-8A38-CA1B67776E7A}.Release|x86.Build.0 = Release|Any CPU
		{E59874F4-B254-4DDC-A46C-B33F447E7FA7}.Debug|Any CPU.ActiveCfg = Debug|Any CPU
		{E59874F4-B254-4DDC-A46C-B33F447E7FA7}.Debug|Any CPU.Build.0 = Debug|Any CPU
		{E59874F4-B254-4DDC-A46C-B33F447E7FA7}.Debug|x64.ActiveCfg = Debug|Any CPU
		{E59874F4-B254-4DDC-A46C-B33F447E7FA7}.Debug|x64.Build.0 = Debug|Any CPU
		{E59874F4-B254-4DDC-A46C-B33F447E7FA7}.Debug|x86.ActiveCfg = Debug|Any CPU
		{E59874F4-B254-4DDC-A46C-B33F447E7FA7}.Debug|x86.Build.0 = Debug|Any CPU
		{E59874F4-B254-4DDC-A46C-B33F447E7FA7}.Release|Any CPU.ActiveCfg = Release|Any CPU
		{E59874F4-B254-4DDC-A46C-B33F447E7FA7}.Release|Any CPU.Build.0 = Release|Any CPU
		{E59874F4-B254-4DDC-A46C-B33F447E7FA7}.Release|x64.ActiveCfg = Release|Any CPU
		{E59874F4-B254-4DDC-A46C-B33F447E7FA7}.Release|x64.Build.0 = Release|Any CPU
		{E59874F4-B254-4DDC-A46C-B33F447E7FA7}.Release|x86.ActiveCfg = Release|Any CPU
		{E59874F4-B254-4DDC-A46C-B33F447E7FA7}.Release|x86.Build.0 = Release|Any CPU
		{C622F211-AFEE-4186-A713-4037331225F3}.Debug|Any CPU.ActiveCfg = Debug|Any CPU
		{C622F211-AFEE-4186-A713-4037331225F3}.Debug|Any CPU.Build.0 = Debug|Any CPU
		{C622F211-AFEE-4186-A713-4037331225F3}.Debug|x64.ActiveCfg = Debug|Any CPU
		{C622F211-AFEE-4186-A713-4037331225F3}.Debug|x64.Build.0 = Debug|Any CPU
		{C622F211-AFEE-4186-A713-4037331225F3}.Debug|x86.ActiveCfg = Debug|Any CPU
		{C622F211-AFEE-4186-A713-4037331225F3}.Debug|x86.Build.0 = Debug|Any CPU
		{C622F211-AFEE-4186-A713-4037331225F3}.Release|Any CPU.ActiveCfg = Release|Any CPU
		{C622F211-AFEE-4186-A713-4037331225F3}.Release|Any CPU.Build.0 = Release|Any CPU
		{C622F211-AFEE-4186-A713-4037331225F3}.Release|x64.ActiveCfg = Release|Any CPU
		{C622F211-AFEE-4186-A713-4037331225F3}.Release|x64.Build.0 = Release|Any CPU
		{C622F211-AFEE-4186-A713-4037331225F3}.Release|x86.ActiveCfg = Release|Any CPU
		{C622F211-AFEE-4186-A713-4037331225F3}.Release|x86.Build.0 = Release|Any CPU
		{B3CC4F7D-CD54-4524-9553-E38F08DACED3}.Debug|Any CPU.ActiveCfg = Debug|Any CPU
		{B3CC4F7D-CD54-4524-9553-E38F08DACED3}.Debug|Any CPU.Build.0 = Debug|Any CPU
		{B3CC4F7D-CD54-4524-9553-E38F08DACED3}.Debug|x64.ActiveCfg = Debug|Any CPU
		{B3CC4F7D-CD54-4524-9553-E38F08DACED3}.Debug|x64.Build.0 = Debug|Any CPU
		{B3CC4F7D-CD54-4524-9553-E38F08DACED3}.Debug|x86.ActiveCfg = Debug|Any CPU
		{B3CC4F7D-CD54-4524-9553-E38F08DACED3}.Debug|x86.Build.0 = Debug|Any CPU
		{B3CC4F7D-CD54-4524-9553-E38F08DACED3}.Release|Any CPU.ActiveCfg = Release|Any CPU
		{B3CC4F7D-CD54-4524-9553-E38F08DACED3}.Release|Any CPU.Build.0 = Release|Any CPU
		{B3CC4F7D-CD54-4524-9553-E38F08DACED3}.Release|x64.ActiveCfg = Release|Any CPU
		{B3CC4F7D-CD54-4524-9553-E38F08DACED3}.Release|x64.Build.0 = Release|Any CPU
		{B3CC4F7D-CD54-4524-9553-E38F08DACED3}.Release|x86.ActiveCfg = Release|Any CPU
		{B3CC4F7D-CD54-4524-9553-E38F08DACED3}.Release|x86.Build.0 = Release|Any CPU
	EndGlobalSection
	GlobalSection(SolutionProperties) = preSolution
		HideSolutionNode = FALSE
	EndGlobalSection
	GlobalSection(ExtensibilityGlobals) = postSolution
		SolutionGuid = {86E60121-38FC-45F8-AE79-82D593112B9B}
	EndGlobalSection
EndGlobal
